
Microsoft Visual Studio Solution File, Format Version 12.00
# Visual Studio Version 17
VisualStudioVersion = 17.6.33829.357
MinimumVisualStudioVersion = 10.0.40219.1
Project("{FAE04EC0-301F-11D3-BF4B-00C04F79EFBC}") = "scharp_bai11", "scharp_bai11.csproj", "{047681FB-1DFA-4E0A-883E-3E12047C1F43}"
EndProject
Global
	GlobalSection(SolutionConfigurationPlatforms) = preSolution
		Debug|Any CPU = Debug|Any CPU
		Release|Any CPU = Release|Any CPU
	EndGlobalSection
	GlobalSection(ProjectConfigurationPlatforms) = postSolution
		{047681FB-1DFA-4E0A-883E-3E12047C1F43}.Debug|Any CPU.ActiveCfg = Debug|Any CPU
		{047681FB-1DFA-4E0A-883E-3E12047C1F43}.Debug|Any CPU.Build.0 = Debug|Any CPU
		{047681FB-1DFA-4E0A-883E-3E12047C1F43}.Release|Any CPU.ActiveCfg = Release|Any CPU
		{047681FB-1DFA-4E0A-883E-3E12047C1F43}.Release|Any CPU.Build.0 = Release|Any CPU
	EndGlobalSection
	GlobalSection(SolutionProperties) = preSolution
		HideSolutionNode = FALSE
	EndGlobalSection
	GlobalSection(ExtensibilityGlobals) = postSolution
		SolutionGuid = {EC9C7997-B110-44D7-A631-C099BD652ED7}
	EndGlobalSection
EndGlobal
